
Microsoft Visual Studio Solution File, Format Version 12.00
# Visual Studio Version 17
VisualStudioVersion = 17.6.33723.286
MinimumVisualStudioVersion = 10.0.40219.1
Project("{FAE04EC0-301F-11D3-BF4B-00C04F79EFBC}") = "WakeMeOnLan", "WakeMeOnLan\WakeMeOnLan.csproj", "{1387549B-E1BD-4899-85A0-66C12EFD23F2}"
EndProject
Global
	GlobalSection(SolutionConfigurationPlatforms) = preSolution
		Debug|Any CPU = Debug|Any CPU
		Release|Any CPU = Release|Any CPU
	EndGlobalSection
	GlobalSection(ProjectConfigurationPlatforms) = postSolution
		{1387549B-E1BD-4899-85A0-66C12EFD23F2}.Debug|Any CPU.ActiveCfg = Debug|Any CPU
		{1387549B-E1BD-4899-85A0-66C12EFD23F2}.Debug|Any CPU.Build.0 = Debug|Any CPU
		{1387549B-E1BD-4899-85A0-66C12EFD23F2}.Release|Any CPU.ActiveCfg = Release|Any CPU
		{1387549B-E1BD-4899-85A0-66C12EFD23F2}.Release|Any CPU.Build.0 = Release|Any CPU
	EndGlobalSection
	GlobalSection(SolutionProperties) = preSolution
		HideSolutionNode = FALSE
	EndGlobalSection
	GlobalSection(ExtensibilityGlobals) = postSolution
		SolutionGuid = {09C54C01-C6BC-42C9-B2A9-0C092B115DCF}
	EndGlobalSection
EndGlobal
